// !$*UTF8*$!
{
	archiveVersion = 1;
	classes = {
	};
	objectVersion = 46;
	objects = {

/* Begin PBXBuildFile section */
		BF860C561D825AE300F43132 /* main.m in Sources */ = {isa = PBXBuildFile; fileRef = BF860C551D825AE300F43132 /* main.m */; };
		BF860C591D825AE300F43132 /* AppDelegate.m in Sources */ = {isa = PBXBuildFile; fileRef = BF860C581D825AE300F43132 /* AppDelegate.m */; };
		BF860C5C1D825AE300F43132 /* ViewController.m in Sources */ = {isa = PBXBuildFile; fileRef = BF860C5B1D825AE300F43132 /* ViewController.m */; };
		BF860C5F1D825AE300F43132 /* Main.storyboard in Resources */ = {isa = PBXBuildFile; fileRef = BF860C5D1D825AE300F43132 /* Main.storyboard */; };
		BF860C611D825AE300F43132 /* Assets.xcassets in Resources */ = {isa = PBXBuildFile; fileRef = BF860C601D825AE300F43132 /* Assets.xcassets */; };
		BF860C641D825AE300F43132 /* LaunchScreen.storyboard in Resources */ = {isa = PBXBuildFile; fileRef = BF860C621D825AE300F43132 /* LaunchScreen.storyboard */; };
		BF860C6F1D825AE300F43132 /* LongRunningTasksTests.m in Sources */ = {isa = PBXBuildFile; fileRef = BF860C6E1D825AE300F43132 /* LongRunningTasksTests.m */; };
		BF860C7A1D825AE300F43132 /* LongRunningTasksUITests.m in Sources */ = {isa = PBXBuildFile; fileRef = BF860C791D825AE300F43132 /* LongRunningTasksUITests.m */; };
/* End PBXBuildFile section */

/* Begin PBXContainerItemProxy section */
		BF860C6B1D825AE300F43132 /* PBXContainerItemProxy */ = {
			isa = PBXContainerItemProxy;
			containerPortal = BF860C491D825AE200F43132 /* Project object */;
			proxyType = 1;
			remoteGlobalIDString = BF860C501D825AE200F43132;
			remoteInfo = LongRunningTasks;
		};
		BF860C761D825AE300F43132 /* PBXContainerItemProxy */ = {
			isa = PBXContainerItemProxy;
			containerPortal = BF860C491D825AE200F43132 /* Project object */;
			proxyType = 1;
			remoteGlobalIDString = BF860C501D825AE200F43132;
			remoteInfo = LongRunningTasks;
		};
/* End PBXContainerItemProxy section */

/* Begin PBXFileReference section */
		BF860C511D825AE300F43132 /* LongRunningTasks.app */ = {isa = PBXFileReference; explicitFileType = wrapper.application; includeInIndex = 0; path = LongRunningTasks.app; sourceTree = BUILT_PRODUCTS_DIR; };
		BF860C551D825AE300F43132 /* main.m */ = {isa = PBXFileReference; lastKnownFileType = sourcecode.c.objc; path = main.m; sourceTree = "<group>"; };
		BF860C571D825AE300F43132 /* AppDelegate.h */ = {isa = PBXFileReference; lastKnownFileType = sourcecode.c.h; path = AppDelegate.h; sourceTree = "<group>"; };
		BF860C581D825AE300F43132 /* AppDelegate.m */ = {isa = PBXFileReference; lastKnownFileType = sourcecode.c.objc; path = AppDelegate.m; sourceTree = "<group>"; };
		BF860C5A1D825AE300F43132 /* ViewController.h */ = {isa = PBXFileReference; lastKnownFileType = sourcecode.c.h; path = ViewController.h; sourceTree = "<group>"; };
		BF860C5B1D825AE300F43132 /* ViewController.m */ = {isa = PBXFileReference; lastKnownFileType = sourcecode.c.objc; path = ViewController.m; sourceTree = "<group>"; };
		BF860C5E1D825AE300F43132 /* Base */ = {isa = PBXFileReference; lastKnownFileType = file.storyboard; name = Base; path = Base.lproj/Main.storyboard; sourceTree = "<group>"; };
		BF860C601D825AE300F43132 /* Assets.xcassets */ = {isa = PBXFileReference; lastKnownFileType = folder.assetcatalog; path = Assets.xcassets; sourceTree = "<group>"; };
		BF860C631D825AE300F43132 /* Base */ = {isa = PBXFileReference; lastKnownFileType = file.storyboard; name = Base; path = Base.lproj/LaunchScreen.storyboard; sourceTree = "<group>"; };
		BF860C651D825AE300F43132 /* Info.plist */ = {isa = PBXFileReference; lastKnownFileType = text.plist.xml; path = Info.plist; sourceTree = "<group>"; };
		BF860C6A1D825AE300F43132 /* LongRunningTasksTests.xctest */ = {isa = PBXFileReference; explicitFileType = wrapper.cfbundle; includeInIndex = 0; path = LongRunningTasksTests.xctest; sourceTree = BUILT_PRODUCTS_DIR; };
		BF860C6E1D825AE300F43132 /* LongRunningTasksTests.m */ = {isa = PBXFileReference; lastKnownFileType = sourcecode.c.objc; path = LongRunningTasksTests.m; sourceTree = "<group>"; };
		BF860C701D825AE300F43132 /* Info.plist */ = {isa = PBXFileReference; lastKnownFileType = text.plist.xml; path = Info.plist; sourceTree = "<group>"; };
		BF860C751D825AE300F43132 /* LongRunningTasksUITests.xctest */ = {isa = PBXFileReference; explicitFileType = wrapper.cfbundle; includeInIndex = 0; path = LongRunningTasksUITests.xctest; sourceTree = BUILT_PRODUCTS_DIR; };
		BF860C791D825AE300F43132 /* LongRunningTasksUITests.m */ = {isa = PBXFileReference; lastKnownFileType = sourcecode.c.objc; path = LongRunningTasksUITests.m; sourceTree = "<group>"; };
		BF860C7B1D825AE300F43132 /* Info.plist */ = {isa = PBXFileReference; lastKnownFileType = text.plist.xml; path = Info.plist; sourceTree = "<group>"; };
/* End PBXFileReference section */

/* Begin PBXFrameworksBuildPhase section */
		BF860C4E1D825AE200F43132 /* Frameworks */ = {
			isa = PBXFrameworksBuildPhase;
			buildActionMask = 2147483647;
			files = (
			);
			runOnlyForDeploymentPostprocessing = 0;
		};
		BF860C671D825AE300F43132 /* Frameworks */ = {
			isa = PBXFrameworksBuildPhase;
			buildActionMask = 2147483647;
			files = (
			);
			runOnlyForDeploymentPostprocessing = 0;
		};
		BF860C721D825AE300F43132 /* Frameworks */ = {
			isa = PBXFrameworksBuildPhase;
			buildActionMask = 2147483647;
			files = (
			);
			runOnlyForDeploymentPostprocessing = 0;
		};
/* End PBXFrameworksBuildPhase section */

/* Begin PBXGroup section */
		BF860C481D825AE200F43132 = {
			isa = PBXGroup;
			children = (
				BF860C531D825AE300F43132 /* LongRunningTasks */,
				BF860C6D1D825AE300F43132 /* LongRunningTasksTests */,
				BF860C781D825AE300F43132 /* LongRunningTasksUITests */,
				BF860C521D825AE300F43132 /* Products */,
			);
			sourceTree = "<group>";
		};
		BF860C521D825AE300F43132 /* Products */ = {
			isa = PBXGroup;
			children = (
				BF860C511D825AE300F43132 /* LongRunningTasks.app */,
				BF860C6A1D825AE300F43132 /* LongRunningTasksTests.xctest */,
				BF860C751D825AE300F43132 /* LongRunningTasksUITests.xctest */,
			);
			name = Products;
			sourceTree = "<group>";
		};
		BF860C531D825AE300F43132 /* LongRunningTasks */ = {
			isa = PBXGroup;
			children = (
				BF860C571D825AE300F43132 /* AppDelegate.h */,
				BF860C581D825AE300F43132 /* AppDelegate.m */,
				BF860C5A1D825AE300F43132 /* ViewController.h */,
				BF860C5B1D825AE300F43132 /* ViewController.m */,
				BF860C5D1D825AE300F43132 /* Main.storyboard */,
				BF860C601D825AE300F43132 /* Assets.xcassets */,
				BF860C621D825AE300F43132 /* LaunchScreen.storyboard */,
				BF860C651D825AE300F43132 /* Info.plist */,
				BF860C541D825AE300F43132 /* Supporting Files */,
			);
			path = LongRunningTasks;
			sourceTree = "<group>";
		};
		BF860C541D825AE300F43132 /* Supporting Files */ = {
			isa = PBXGroup;
			children = (
				BF860C551D825AE300F43132 /* main.m */,
			);
			name = "Supporting Files";
			sourceTree = "<group>";
		};
		BF860C6D1D825AE300F43132 /* LongRunningTasksTests */ = {
			isa = PBXGroup;
			children = (
				BF860C6E1D825AE300F43132 /* LongRunningTasksTests.m */,
				BF860C701D825AE300F43132 /* Info.plist */,
			);
			path = LongRunningTasksTests;
			sourceTree = "<group>";
		};
		BF860C781D825AE300F43132 /* LongRunningTasksUITests */ = {
			isa = PBXGroup;
			children = (
				BF860C791D825AE300F43132 /* LongRunningTasksUITests.m */,
				BF860C7B1D825AE300F43132 /* Info.plist */,
			);
			path = LongRunningTasksUITests;
			sourceTree = "<group>";
		};
/* End PBXGroup section */

/* Begin PBXNativeTarget section */
		BF860C501D825AE200F43132 /* LongRunningTasks */ = {
			isa = PBXNativeTarget;
			buildConfigurationList = BF860C7E1D825AE300F43132 /* Build configuration list for PBXNativeTarget "LongRunningTasks" */;
			buildPhases = (
				BF860C4D1D825AE200F43132 /* Sources */,
				BF860C4E1D825AE200F43132 /* Frameworks */,
				BF860C4F1D825AE200F43132 /* Resources */,
			);
			buildRules = (
			);
			dependencies = (
			);
			name = LongRunningTasks;
			productName = LongRunningTasks;
			productReference = BF860C511D825AE300F43132 /* LongRunningTasks.app */;
			productType = "com.apple.product-type.application";
		};
		BF860C691D825AE300F43132 /* LongRunningTasksTests */ = {
			isa = PBXNativeTarget;
			buildConfigurationList = BF860C811D825AE300F43132 /* Build configuration list for PBXNativeTarget "LongRunningTasksTests" */;
			buildPhases = (
				BF860C661D825AE300F43132 /* Sources */,
				BF860C671D825AE300F43132 /* Frameworks */,
				BF860C681D825AE300F43132 /* Resources */,
			);
			buildRules = (
			);
			dependencies = (
				BF860C6C1D825AE300F43132 /* PBXTargetDependency */,
			);
			name = LongRunningTasksTests;
			productName = LongRunningTasksTests;
			productReference = BF860C6A1D825AE300F43132 /* LongRunningTasksTests.xctest */;
			productType = "com.apple.product-type.bundle.unit-test";
		};
		BF860C741D825AE300F43132 /* LongRunningTasksUITests */ = {
			isa = PBXNativeTarget;
			buildConfigurationList = BF860C841D825AE300F43132 /* Build configuration list for PBXNativeTarget "LongRunningTasksUITests" */;
			buildPhases = (
				BF860C711D825AE300F43132 /* Sources */,
				BF860C721D825AE300F43132 /* Frameworks */,
				BF860C731D825AE300F43132 /* Resources */,
			);
			buildRules = (
			);
			dependencies = (
				BF860C771D825AE300F43132 /* PBXTargetDependency */,
			);
			name = LongRunningTasksUITests;
			productName = LongRunningTasksUITests;
			productReference = BF860C751D825AE300F43132 /* LongRunningTasksUITests.xctest */;
			productType = "com.apple.product-type.bundle.ui-testing";
		};
/* End PBXNativeTarget section */

/* Begin PBXProject section */
		BF860C491D825AE200F43132 /* Project object */ = {
			isa = PBXProject;
			attributes = {
				LastUpgradeCheck = 0730;
				ORGANIZATIONNAME = FuTouBang;
				TargetAttributes = {
					BF860C501D825AE200F43132 = {
						CreatedOnToolsVersion = 7.3.1;
					};
					BF860C691D825AE300F43132 = {
						CreatedOnToolsVersion = 7.3.1;
						TestTargetID = BF860C501D825AE200F43132;
					};
					BF860C741D825AE300F43132 = {
						CreatedOnToolsVersion = 7.3.1;
						TestTargetID = BF860C501D825AE200F43132;
					};
				};
			};
			buildConfigurationList = BF860C4C1D825AE200F43132 /* Build configuration list for PBXProject "LongRunningTasks" */;
			compatibilityVersion = "Xcode 3.2";
			developmentRegion = English;
			hasScannedForEncodings = 0;
			knownRegions = (
				en,
				Base,
			);
			mainGroup = BF860C481D825AE200F43132;
			productRefGroup = BF860C521D825AE300F43132 /* Products */;
			projectDirPath = "";
			projectRoot = "";
			targets = (
				BF860C501D825AE200F43132 /* LongRunningTasks */,
				BF860C691D825AE300F43132 /* LongRunningTasksTests */,
				BF860C741D825AE300F43132 /* LongRunningTasksUITests */,
			);
		};
/* End PBXProject section */

/* Begin PBXResourcesBuildPhase section */
		BF860C4F1D825AE200F43132 /* Resources */ = {
			isa = PBXResourcesBuildPhase;
			buildActionMask = 2147483647;
			files = (
				BF860C641D825AE300F43132 /* LaunchScreen.storyboard in Resources */,
				BF860C611D825AE300F43132 /* Assets.xcassets in Resources */,
				BF860C5F1D825AE300F43132 /* Main.storyboard in Resources */,
			);
			runOnlyForDeploymentPostprocessing = 0;
		};
		BF860C681D825AE300F43132 /* Resources */ = {
			isa = PBXResourcesBuildPhase;
			buildActionMask = 2147483647;
			files = (
			);
			runOnlyForDeploymentPostprocessing = 0;
		};
		BF860C731D825AE300F43132 /* Resources */ = {
			isa = PBXResourcesBuildPhase;
			buildActionMask = 2147483647;
			files = (
			);
			runOnlyForDeploymentPostprocessing = 0;
		};
/* End PBXResourcesBuildPhase section */

/* Begin PBXSourcesBuildPhase section */
		BF860C4D1D825AE200F43132 /* Sources */ = {
			isa = PBXSourcesBuildPhase;
			buildActionMask = 2147483647;
			files = (
				BF860C5C1D825AE300F43132 /* ViewController.m in Sources */,
				BF860C591D825AE300F43132 /* AppDelegate.m in Sources */,
				BF860C561D825AE300F43132 /* main.m in Sources */,
			);
			runOnlyForDeploymentPostprocessing = 0;
		};
		BF860C661D825AE300F43132 /* Sources */ = {
			isa = PBXSourcesBuildPhase;
			buildActionMask = 2147483647;
			files = (
				BF860C6F1D825AE300F43132 /* LongRunningTasksTests.m in Sources */,
			);
			runOnlyForDeploymentPostprocessing = 0;
		};
		BF860C711D825AE300F43132 /* Sources */ = {
			isa = PBXSourcesBuildPhase;
			buildActionMask = 2147483647;
			files = (
				BF860C7A1D825AE300F43132 /* LongRunningTasksUITests.m in Sources */,
			);
			runOnlyForDeploymentPostprocessing = 0;
		};
/* End PBXSourcesBuildPhase section */

/* Begin PBXTargetDependency section */
		BF860C6C1D825AE300F43132 /* PBXTargetDependency */ = {
			isa = PBXTargetDependency;
			target = BF860C501D825AE200F43132 /* LongRunningTasks */;
			targetProxy = BF860C6B1D825AE300F43132 /* PBXContainerItemProxy */;
		};
		BF860C771D825AE300F43132 /* PBXTargetDependency */ = {
			isa = PBXTargetDependency;
			target = BF860C501D825AE200F43132 /* LongRunningTasks */;
			targetProxy = BF860C761D825AE300F43132 /* PBXContainerItemProxy */;
		};
/* End PBXTargetDependency section */

/* Begin PBXVariantGroup section */
		BF860C5D1D825AE300F43132 /* Main.storyboard */ = {
			isa = PBXVariantGroup;
			children = (
				BF860C5E1D825AE300F43132 /* Base */,
			);
			name = Main.storyboard;
			sourceTree = "<group>";
		};
		BF860C621D825AE300F43132 /* LaunchScreen.storyboard */ = {
			isa = PBXVariantGroup;
			children = (
				BF860C631D825AE300F43132 /* Base */,
			);
			name = LaunchScreen.storyboard;
			sourceTree = "<group>";
		};
/* End PBXVariantGroup section */

/* Begin XCBuildConfiguration section */
		BF860C7C1D825AE300F43132 /* Debug */ = {
			isa = XCBuildConfiguration;
			buildSettings = {
				ALWAYS_SEARCH_USER_PATHS = NO;
				CLANG_ANALYZER_NONNULL = YES;
				CLANG_CXX_LANGUAGE_STANDARD = "gnu++0x";
				CLANG_CXX_LIBRARY = "libc++";
				CLANG_ENABLE_MODULES = YES;
				CLANG_ENABLE_OBJC_ARC = YES;
				CLANG_WARN_BOOL_CONVERSION = YES;
				CLANG_WARN_CONSTANT_CONVERSION = YES;
				CLANG_WARN_DIRECT_OBJC_ISA_USAGE = YES_ERROR;
				CLANG_WARN_EMPTY_BODY = YES;
				CLANG_WARN_ENUM_CONVERSION = YES;
				CLANG_WARN_INT_CONVERSION = YES;
				CLANG_WARN_OBJC_ROOT_CLASS = YES_ERROR;
				CLANG_WARN_UNREACHABLE_CODE = YES;
				CLANG_WARN__DUPLICATE_METHOD_MATCH = YES;
				"CODE_SIGN_IDENTITY[sdk=iphoneos*]" = "iPhone Developer";
				COPY_PHASE_STRIP = NO;
				DEBUG_INFORMATION_FORMAT = dwarf;
				ENABLE_STRICT_OBJC_MSGSEND = YES;
				ENABLE_TESTABILITY = YES;
				GCC_C_LANGUAGE_STANDARD = gnu99;
				GCC_DYNAMIC_NO_PIC = NO;
				GCC_NO_COMMON_BLOCKS = YES;
				GCC_OPTIMIZATION_LEVEL = 0;
				GCC_PREPROCESSOR_DEFINITIONS = (
					"DEBUG=1",
					"$(inherited)",
				);
				GCC_WARN_64_TO_32_BIT_CONVERSION = YES;
				GCC_WARN_ABOUT_RETURN_TYPE = YES_ERROR;
				GCC_WARN_UNDECLARED_SELECTOR = YES;
				GCC_WARN_UNINITIALIZED_AUTOS = YES_AGGRESSIVE;
				GCC_WARN_UNUSED_FUNCTION = YES;
				GCC_WARN_UNUSED_VARIABLE = YES;
				IPHONEOS_DEPLOYMENT_TARGET = 9.3;
				MTL_ENABLE_DEBUG_INFO = YES;
				ONLY_ACTIVE_ARCH = YES;
				SDKROOT = iphoneos;
			};
			name = Debug;
		};
		BF860C7D1D825AE300F43132 /* Release */ = {
			isa = XCBuildConfiguration;
			buildSettings = {
				ALWAYS_SEARCH_USER_PATHS = NO;
				CLANG_ANALYZER_NONNULL = YES;
				CLANG_CXX_LANGUAGE_STANDARD = "gnu++0x";
				CLANG_CXX_LIBRARY = "libc++";
				CLANG_ENABLE_MODULES = YES;
				CLANG_ENABLE_OBJC_ARC = YES;
				CLANG_WARN_BOOL_CONVERSION = YES;
				CLANG_WARN_CONSTANT_CONVERSION = YES;
				CLANG_WARN_DIRECT_OBJC_ISA_USAGE = YES_ERROR;
				CLANG_WARN_EMPTY_BODY = YES;
				CLANG_WARN_ENUM_CONVERSION = YES;
				CLANG_WARN_INT_CONVERSION = YES;
				CLANG_WARN_OBJC_ROOT_CLASS = YES_ERROR;
				CLANG_WARN_UNREACHABLE_CODE = YES;
				CLANG_WARN__DUPLICATE_METHOD_MATCH = YES;
				"CODE_SIGN_IDENTITY[sdk=iphoneos*]" = "iPhone Developer";
				COPY_PHASE_STRIP = NO;
				DEBUG_INFORMATION_FORMAT = "dwarf-with-dsym";
				ENABLE_NS_ASSERTIONS = NO;
				ENABLE_STRICT_OBJC_MSGSEND = YES;
				GCC_C_LANGUAGE_STANDARD = gnu99;
				GCC_NO_COMMON_BLOCKS = YES;
				GCC_WARN_64_TO_32_BIT_CONVERSION = YES;
				GCC_WARN_ABOUT_RETURN_TYPE = YES_ERROR;
				GCC_WARN_UNDECLARED_SELECTOR = YES;
				GCC_WARN_UNINITIALIZED_AUTOS = YES_AGGRESSIVE;
				GCC_WARN_UNUSED_FUNCTION = YES;
				GCC_WARN_UNUSED_VARIABLE = YES;
				IPHONEOS_DEPLOYMENT_TARGET = 9.3;
				MTL_ENABLE_DEBUG_INFO = NO;
				SDKROOT = iphoneos;
				VALIDATE_PRODUCT = YES;
			};
			name = Release;
		};
		BF860C7F1D825AE300F43132 /* Debug */ = {
			isa = XCBuildConfiguration;
			buildSettings = {
				ASSETCATALOG_COMPILER_APPICON_NAME = AppIcon;
				INFOPLIST_FILE = LongRunningTasks/Info.plist;
				LD_RUNPATH_SEARCH_PATHS = "$(inherited) @executable_path/Frameworks";
				PRODUCT_BUNDLE_IDENTIFIER = FuTouBang.LongRunningTasks;
				PRODUCT_NAME = "$(TARGET_NAME)";
			};
			name = Debug;
		};
		BF860C801D825AE300F43132 /* Release */ = {
			isa = XCBuildConfiguration;
			buildSettings = {
				ASSETCATALOG_COMPILER_APPICON_NAME = AppIcon;
				INFOPLIST_FILE = LongRunningTasks/Info.plist;
				LD_RUNPATH_SEARCH_PATHS = "$(inherited) @executable_path/Frameworks";
				PRODUCT_BUNDLE_IDENTIFIER = FuTouBang.LongRunningTasks;
				PRODUCT_NAME = "$(TARGET_NAME)";
			};
			name = Release;
		};
		BF860C821D825AE300F43132 /* Debug */ = {
			isa = XCBuildConfiguration;
			buildSettings = {
				BUNDLE_LOADER = "$(TEST_HOST)";
				INFOPLIST_FILE = LongRunningTasksTests/Info.plist;
				LD_RUNPATH_SEARCH_PATHS = "$(inherited) @executable_path/Frameworks @loader_path/Frameworks";
				PRODUCT_BUNDLE_IDENTIFIER = FuTouBang.LongRunningTasksTests;
				PRODUCT_NAME = "$(TARGET_NAME)";
				TEST_HOST = "$(BUILT_PRODUCTS_DIR)/LongRunningTasks.app/LongRunningTasks";
			};
			name = Debug;
		};
		BF860C831D825AE300F43132 /* Release */ = {
			isa = XCBuildConfiguration;
			buildSettings = {
				BUNDLE_LOADER = "$(TEST_HOST)";
				INFOPLIST_FILE = LongRunningTasksTests/Info.plist;
				LD_RUNPATH_SEARCH_PATHS = "$(inherited) @executable_path/Frameworks @loader_path/Frameworks";
				PRODUCT_BUNDLE_IDENTIFIER = FuTouBang.LongRunningTasksTests;
				PRODUCT_NAME = "$(TARGET_NAME)";
				TEST_HOST = "$(BUILT_PRODUCTS_DIR)/LongRunningTasks.app/LongRunningTasks";
			};
			name = Release;
		};
		BF860C851D825AE300F43132 /* Debug */ = {
			isa = XCBuildConfiguration;
			buildSettings = {
				INFOPLIST_FILE = LongRunningTasksUITests/Info.plist;
				LD_RUNPATH_SEARCH_PATHS = "$(inherited) @executable_path/Frameworks @loader_path/Frameworks";
				PRODUCT_BUNDLE_IDENTIFIER = FuTouBang.LongRunningTasksUITests;
				PRODUCT_NAME = "$(TARGET_NAME)";
				TEST_TARGET_NAME = LongRunningTasks;
			};
			name = Debug;
		};
		BF860C861D825AE300F43132 /* Release */ = {
			isa = XCBuildConfiguration;
			buildSettings = {
				INFOPLIST_FILE = LongRunningTasksUITests/Info.plist;
				LD_RUNPATH_SEARCH_PATHS = "$(inherited) @executable_path/Frameworks @loader_path/Frameworks";
				PRODUCT_BUNDLE_IDENTIFIER = FuTouBang.LongRunningTasksUITests;
				PRODUCT_NAME = "$(TARGET_NAME)";
				TEST_TARGET_NAME = LongRunningTasks;
			};
			name = Release;
		};
/* End XCBuildConfiguration section */

/* Begin XCConfigurationList section */
		BF860C4C1D825AE200F43132 /* Build configuration list for PBXProject "LongRunningTasks" */ = {
			isa = XCConfigurationList;
			buildConfigurations = (
				BF860C7C1D825AE300F43132 /* Debug */,
				BF860C7D1D825AE300F43132 /* Release */,
			);
			defaultConfigurationIsVisible = 0;
			defaultConfigurationName = Release;
		};
		BF860C7E1D825AE300F43132 /* Build configuration list for PBXNativeTarget "LongRunningTasks" */ = {
			isa = XCConfigurationList;
			buildConfigurations = (
				BF860C7F1D825AE300F43132 /* Debug */,
				BF860C801D825AE300F43132 /* Release */,
			);
			defaultConfigurationIsVisible = 0;
		};
		BF860C811D825AE300F43132 /* Build configuration list for PBXNativeTarget "LongRunningTasksTests" */ = {
			isa = XCConfigurationList;
			buildConfigurations = (
				BF860C821D825AE300F43132 /* Debug */,
				BF860C831D825AE300F43132 /* Release */,
			);
			defaultConfigurationIsVisible = 0;
		};
		BF860C841D825AE300F43132 /* Build configuration list for PBXNativeTarget "LongRunningTasksUITests" */ = {
			isa = XCConfigurationList;
			buildConfigurations = (
				BF860C851D825AE300F43132 /* Debug */,
				BF860C861D825AE300F43132 /* Release */,
			);
			defaultConfigurationIsVisible = 0;
		};
/* End XCConfigurationList section */
	};
	rootObject = BF860C491D825AE200F43132 /* Project object */;
}
